// !$*UTF8*$!
{
	archiveVersion = 1;
	classes = {
	};
	objectVersion = 46;
	objects = {

/* Begin PBXBuildFile section */
		42B967FE1A4B9C0100F5E1EA /* main.m in Sources */ = {isa = PBXBuildFile; fileRef = 42B967FD1A4B9C0100F5E1EA /* main.m */; };
		42B968011A4B9C0100F5E1EA /* AppDelegate.m in Sources */ = {isa = PBXBuildFile; fileRef = 42B968001A4B9C0100F5E1EA /* AppDelegate.m */; };
		42B968041A4B9C0100F5E1EA /* ViewController.m in Sources */ = {isa = PBXBuildFile; fileRef = 42B968031A4B9C0100F5E1EA /* ViewController.m */; };
		42B968071A4B9C0100F5E1EA /* Main.storyboard in Resources */ = {isa = PBXBuildFile; fileRef = 42B968051A4B9C0100F5E1EA /* Main.storyboard */; };
		42B968091A4B9C0100F5E1EA /* Images.xcassets in Resources */ = {isa = PBXBuildFile; fileRef = 42B968081A4B9C0100F5E1EA /* Images.xcassets */; };
		42B9680C1A4B9C0100F5E1EA /* LaunchScreen.xib in Resources */ = {isa = PBXBuildFile; fileRef = 42B9680A1A4B9C0100F5E1EA /* LaunchScreen.xib */; };
		42B968181A4B9C0100F5E1EA /* SnakeGameTests.m in Sources */ = {isa = PBXBuildFile; fileRef = 42B968171A4B9C0100F5E1EA /* SnakeGameTests.m */; };
		42B968231A4B9C2700F5E1EA /* SnakeMainView.m in Sources */ = {isa = PBXBuildFile; fileRef = 42B968221A4B9C2700F5E1EA /* SnakeMainView.m */; };
		42B968331A4C0D8700F5E1EA /* cherry.png in Resources */ = {isa = PBXBuildFile; fileRef = 42B968321A4C0D8700F5E1EA /* cherry.png */; };
		42B968371A4C0D9100F5E1EA /* crash.wav in Resources */ = {isa = PBXBuildFile; fileRef = 42B968341A4C0D9100F5E1EA /* crash.wav */; };
		42B968381A4C0D9100F5E1EA /* grass.png in Resources */ = {isa = PBXBuildFile; fileRef = 42B968351A4C0D9100F5E1EA /* grass.png */; };
		42B968391A4C0D9100F5E1EA /* gu.mp3 in Resources */ = {isa = PBXBuildFile; fileRef = 42B968361A4C0D9100F5E1EA /* gu.mp3 */; };
		42B9683C1A4CEE4000F5E1EA /* GameStatus.m in Sources */ = {isa = PBXBuildFile; fileRef = 42B9683B1A4CEE4000F5E1EA /* GameStatus.m */; };
		42F94F3B1A4C02DB00F05F28 /* FKPoint.m in Sources */ = {isa = PBXBuildFile; fileRef = 42F94F3A1A4C02DB00F05F28 /* FKPoint.m */; };
/* End PBXBuildFile section */

/* Begin PBXContainerItemProxy section */
		42B968121A4B9C0100F5E1EA /* PBXContainerItemProxy */ = {
			isa = PBXContainerItemProxy;
			containerPortal = 42B967F01A4B9C0100F5E1EA /* Project object */;
			proxyType = 1;
			remoteGlobalIDString = 42B967F71A4B9C0100F5E1EA;
			remoteInfo = SnakeGame;
		};
/* End PBXContainerItemProxy section */

/* Begin PBXFileReference section */
		42B967F81A4B9C0100F5E1EA /* SnakeGame.app */ = {isa = PBXFileReference; explicitFileType = wrapper.application; includeInIndex = 0; path = SnakeGame.app; sourceTree = BUILT_PRODUCTS_DIR; };
		42B967FC1A4B9C0100F5E1EA /* Info.plist */ = {isa = PBXFileReference; lastKnownFileType = text.plist.xml; path = Info.plist; sourceTree = "<group>"; };
		42B967FD1A4B9C0100F5E1EA /* main.m */ = {isa = PBXFileReference; lastKnownFileType = sourcecode.c.objc; path = main.m; sourceTree = "<group>"; };
		42B967FF1A4B9C0100F5E1EA /* AppDelegate.h */ = {isa = PBXFileReference; lastKnownFileType = sourcecode.c.h; path = AppDelegate.h; sourceTree = "<group>"; };
		42B968001A4B9C0100F5E1EA /* AppDelegate.m */ = {isa = PBXFileReference; lastKnownFileType = sourcecode.c.objc; path = AppDelegate.m; sourceTree = "<group>"; };
		42B968021A4B9C0100F5E1EA /* ViewController.h */ = {isa = PBXFileReference; lastKnownFileType = sourcecode.c.h; path = ViewController.h; sourceTree = "<group>"; };
		42B968031A4B9C0100F5E1EA /* ViewController.m */ = {isa = PBXFileReference; lastKnownFileType = sourcecode.c.objc; path = ViewController.m; sourceTree = "<group>"; };
		42B968061A4B9C0100F5E1EA /* Base */ = {isa = PBXFileReference; lastKnownFileType = file.storyboard; name = Base; path = Base.lproj/Main.storyboard; sourceTree = "<group>"; };
		42B968081A4B9C0100F5E1EA /* Images.xcassets */ = {isa = PBXFileReference; lastKnownFileType = folder.assetcatalog; path = Images.xcassets; sourceTree = "<group>"; };
		42B9680B1A4B9C0100F5E1EA /* Base */ = {isa = PBXFileReference; lastKnownFileType = file.xib; name = Base; path = Base.lproj/LaunchScreen.xib; sourceTree = "<group>"; };
		42B968111A4B9C0100F5E1EA /* SnakeGameTests.xctest */ = {isa = PBXFileReference; explicitFileType = wrapper.cfbundle; includeInIndex = 0; path = SnakeGameTests.xctest; sourceTree = BUILT_PRODUCTS_DIR; };
		42B968161A4B9C0100F5E1EA /* Info.plist */ = {isa = PBXFileReference; lastKnownFileType = text.plist.xml; path = Info.plist; sourceTree = "<group>"; };
		42B968171A4B9C0100F5E1EA /* SnakeGameTests.m */ = {isa = PBXFileReference; lastKnownFileType = sourcecode.c.objc; path = SnakeGameTests.m; sourceTree = "<group>"; };
		42B968211A4B9C2700F5E1EA /* SnakeMainView.h */ = {isa = PBXFileReference; fileEncoding = 4; lastKnownFileType = sourcecode.c.h; path = SnakeMainView.h; sourceTree = "<group>"; };
		42B968221A4B9C2700F5E1EA /* SnakeMainView.m */ = {isa = PBXFileReference; fileEncoding = 4; lastKnownFileType = sourcecode.c.objc; path = SnakeMainView.m; sourceTree = "<group>"; };
		42B968321A4C0D8700F5E1EA /* cherry.png */ = {isa = PBXFileReference; lastKnownFileType = image.png; path = cherry.png; sourceTree = "<group>"; };
		42B968341A4C0D9100F5E1EA /* crash.wav */ = {isa = PBXFileReference; lastKnownFileType = audio.wav; path = crash.wav; sourceTree = "<group>"; };
		42B968351A4C0D9100F5E1EA /* grass.png */ = {isa = PBXFileReference; lastKnownFileType = image.png; path = grass.png; sourceTree = "<group>"; };
		42B968361A4C0D9100F5E1EA /* gu.mp3 */ = {isa = PBXFileReference; lastKnownFileType = audio.mp3; path = gu.mp3; sourceTree = "<group>"; };
		42B9683A1A4CEE4000F5E1EA /* GameStatus.h */ = {isa = PBXFileReference; fileEncoding = 4; lastKnownFileType = sourcecode.c.h; path = GameStatus.h; sourceTree = "<group>"; };
		42B9683B1A4CEE4000F5E1EA /* GameStatus.m */ = {isa = PBXFileReference; fileEncoding = 4; lastKnownFileType = sourcecode.c.objc; path = GameStatus.m; sourceTree = "<group>"; };
		42F94F391A4C02DB00F05F28 /* FKPoint.h */ = {isa = PBXFileReference; fileEncoding = 4; lastKnownFileType = sourcecode.c.h; path = FKPoint.h; sourceTree = "<group>"; };
		42F94F3A1A4C02DB00F05F28 /* FKPoint.m */ = {isa = PBXFileReference; fileEncoding = 4; lastKnownFileType = sourcecode.c.objc; path = FKPoint.m; sourceTree = "<group>"; };
/* End PBXFileReference section */

/* Begin PBXFrameworksBuildPhase section */
		42B967F51A4B9C0100F5E1EA /* Frameworks */ = {
			isa = PBXFrameworksBuildPhase;
			buildActionMask = 2147483647;
			files = (
			);
			runOnlyForDeploymentPostprocessing = 0;
		};
		42B9680E1A4B9C0100F5E1EA /* Frameworks */ = {
			isa = PBXFrameworksBuildPhase;
			buildActionMask = 2147483647;
			files = (
			);
			runOnlyForDeploymentPostprocessing = 0;
		};
/* End PBXFrameworksBuildPhase section */

/* Begin PBXGroup section */
		42B967EF1A4B9C0100F5E1EA = {
			isa = PBXGroup;
			children = (
				42B968311A4C0D7300F5E1EA /* Resources */,
				42B967FA1A4B9C0100F5E1EA /* SnakeGame */,
				42B968141A4B9C0100F5E1EA /* SnakeGameTests */,
				42B967F91A4B9C0100F5E1EA /* Products */,
			);
			sourceTree = "<group>";
		};
		42B967F91A4B9C0100F5E1EA /* Products */ = {
			isa = PBXGroup;
			children = (
				42B967F81A4B9C0100F5E1EA /* SnakeGame.app */,
				42B968111A4B9C0100F5E1EA /* SnakeGameTests.xctest */,
			);
			name = Products;
			sourceTree = "<group>";
		};
		42B967FA1A4B9C0100F5E1EA /* SnakeGame */ = {
			isa = PBXGroup;
			children = (
				42B967FF1A4B9C0100F5E1EA /* AppDelegate.h */,
				42B968001A4B9C0100F5E1EA /* AppDelegate.m */,
				42B968021A4B9C0100F5E1EA /* ViewController.h */,
				42B968031A4B9C0100F5E1EA /* ViewController.m */,
				42B968051A4B9C0100F5E1EA /* Main.storyboard */,
				42B968081A4B9C0100F5E1EA /* Images.xcassets */,
				42B9680A1A4B9C0100F5E1EA /* LaunchScreen.xib */,
				42B967FB1A4B9C0100F5E1EA /* Supporting Files */,
				42B968211A4B9C2700F5E1EA /* SnakeMainView.h */,
				42B968221A4B9C2700F5E1EA /* SnakeMainView.m */,
				42F94F391A4C02DB00F05F28 /* FKPoint.h */,
				42F94F3A1A4C02DB00F05F28 /* FKPoint.m */,
				42B9683A1A4CEE4000F5E1EA /* GameStatus.h */,
				42B9683B1A4CEE4000F5E1EA /* GameStatus.m */,
			);
			path = SnakeGame;
			sourceTree = "<group>";
		};
		42B967FB1A4B9C0100F5E1EA /* Supporting Files */ = {
			isa = PBXGroup;
			children = (
				42B967FC1A4B9C0100F5E1EA /* Info.plist */,
				42B967FD1A4B9C0100F5E1EA /* main.m */,
			);
			name = "Supporting Files";
			sourceTree = "<group>";
		};
		42B968141A4B9C0100F5E1EA /* SnakeGameTests */ = {
			isa = PBXGroup;
			children = (
				42B968171A4B9C0100F5E1EA /* SnakeGameTests.m */,
				42B968151A4B9C0100F5E1EA /* Supporting Files */,
			);
			path = SnakeGameTests;
			sourceTree = "<group>";
		};
		42B968151A4B9C0100F5E1EA /* Supporting Files */ = {
			isa = PBXGroup;
			children = (
				42B968161A4B9C0100F5E1EA /* Info.plist */,
			);
			name = "Supporting Files";
			sourceTree = "<group>";
		};
		42B968311A4C0D7300F5E1EA /* Resources */ = {
			isa = PBXGroup;
			children = (
				42B968341A4C0D9100F5E1EA /* crash.wav */,
				42B968351A4C0D9100F5E1EA /* grass.png */,
				42B968361A4C0D9100F5E1EA /* gu.mp3 */,
				42B968321A4C0D8700F5E1EA /* cherry.png */,
			);
			name = Resources;
			sourceTree = "<group>";
		};
/* End PBXGroup section */

/* Begin PBXNativeTarget section */
		42B967F71A4B9C0100F5E1EA /* SnakeGame */ = {
			isa = PBXNativeTarget;
			buildConfigurationList = 42B9681B1A4B9C0100F5E1EA /* Build configuration list for PBXNativeTarget "SnakeGame" */;
			buildPhases = (
				42B967F41A4B9C0100F5E1EA /* Sources */,
				42B967F51A4B9C0100F5E1EA /* Frameworks */,
				42B967F61A4B9C0100F5E1EA /* Resources */,
			);
			buildRules = (
			);
			dependencies = (
			);
			name = SnakeGame;
			productName = SnakeGame;
			productReference = 42B967F81A4B9C0100F5E1EA /* SnakeGame.app */;
			productType = "com.apple.product-type.application";
		};
		42B968101A4B9C0100F5E1EA /* SnakeGameTests */ = {
			isa = PBXNativeTarget;
			buildConfigurationList = 42B9681E1A4B9C0100F5E1EA /* Build configuration list for PBXNativeTarget "SnakeGameTests" */;
			buildPhases = (
				42B9680D1A4B9C0100F5E1EA /* Sources */,
				42B9680E1A4B9C0100F5E1EA /* Frameworks */,
				42B9680F1A4B9C0100F5E1EA /* Resources */,
			);
			buildRules = (
			);
			dependencies = (
				42B968131A4B9C0100F5E1EA /* PBXTargetDependency */,
			);
			name = SnakeGameTests;
			productName = SnakeGameTests;
			productReference = 42B968111A4B9C0100F5E1EA /* SnakeGameTests.xctest */;
			productType = "com.apple.product-type.bundle.unit-test";
		};
/* End PBXNativeTarget section */

/* Begin PBXProject section */
		42B967F01A4B9C0100F5E1EA /* Project object */ = {
			isa = PBXProject;
			attributes = {
				LastUpgradeCheck = 0610;
				ORGANIZATIONNAME = MicroStrategy;
				TargetAttributes = {
					42B967F71A4B9C0100F5E1EA = {
						CreatedOnToolsVersion = 6.1;
					};
					42B968101A4B9C0100F5E1EA = {
						CreatedOnToolsVersion = 6.1;
						TestTargetID = 42B967F71A4B9C0100F5E1EA;
					};
				};
			};
			buildConfigurationList = 42B967F31A4B9C0100F5E1EA /* Build configuration list for PBXProject "SnakeGame" */;
			compatibilityVersion = "Xcode 3.2";
			developmentRegion = English;
			hasScannedForEncodings = 0;
			knownRegions = (
				en,
				Base,
			);
			mainGroup = 42B967EF1A4B9C0100F5E1EA;
			productRefGroup = 42B967F91A4B9C0100F5E1EA /* Products */;
			projectDirPath = "";
			projectRoot = "";
			targets = (
				42B967F71A4B9C0100F5E1EA /* SnakeGame */,
				42B968101A4B9C0100F5E1EA /* SnakeGameTests */,
			);
		};
/* End PBXProject section */

/* Begin PBXResourcesBuildPhase section */
		42B967F61A4B9C0100F5E1EA /* Resources */ = {
			isa = PBXResourcesBuildPhase;
			buildActionMask = 2147483647;
			files = (
				42B968381A4C0D9100F5E1EA /* grass.png in Resources */,
				42B968071A4B9C0100F5E1EA /* Main.storyboard in Resources */,
				42B9680C1A4B9C0100F5E1EA /* LaunchScreen.xib in Resources */,
				42B968391A4C0D9100F5E1EA /* gu.mp3 in Resources */,
				42B968331A4C0D8700F5E1EA /* cherry.png in Resources */,
				42B968371A4C0D9100F5E1EA /* crash.wav in Resources */,
				42B968091A4B9C0100F5E1EA /* Images.xcassets in Resources */,
			);
			runOnlyForDeploymentPostprocessing = 0;
		};
		42B9680F1A4B9C0100F5E1EA /* Resources */ = {
			isa = PBXResourcesBuildPhase;
			buildActionMask = 2147483647;
			files = (
			);
			runOnlyForDeploymentPostprocessing = 0;
		};
/* End PBXResourcesBuildPhase section */

/* Begin PBXSourcesBuildPhase section */
		42B967F41A4B9C0100F5E1EA /* Sources */ = {
			isa = PBXSourcesBuildPhase;
			buildActionMask = 2147483647;
			files = (
				42B968231A4B9C2700F5E1EA /* SnakeMainView.m in Sources */,
				42B9683C1A4CEE4000F5E1EA /* GameStatus.m in Sources */,
				42B968041A4B9C0100F5E1EA /* ViewController.m in Sources */,
				42F94F3B1A4C02DB00F05F28 /* FKPoint.m in Sources */,
				42B968011A4B9C0100F5E1EA /* AppDelegate.m in Sources */,
				42B967FE1A4B9C0100F5E1EA /* main.m in Sources */,
			);
			runOnlyForDeploymentPostprocessing = 0;
		};
		42B9680D1A4B9C0100F5E1EA /* Sources */ = {
			isa = PBXSourcesBuildPhase;
			buildActionMask = 2147483647;
			files = (
				42B968181A4B9C0100F5E1EA /* SnakeGameTests.m in Sources */,
			);
			runOnlyForDeploymentPostprocessing = 0;
		};
/* End PBXSourcesBuildPhase section */

/* Begin PBXTargetDependency section */
		42B968131A4B9C0100F5E1EA /* PBXTargetDependency */ = {
			isa = PBXTargetDependency;
			target = 42B967F71A4B9C0100F5E1EA /* SnakeGame */;
			targetProxy = 42B968121A4B9C0100F5E1EA /* PBXContainerItemProxy */;
		};
/* End PBXTargetDependency section */

/* Begin PBXVariantGroup section */
		42B968051A4B9C0100F5E1EA /* Main.storyboard */ = {
			isa = PBXVariantGroup;
			children = (
				42B968061A4B9C0100F5E1EA /* Base */,
			);
			name = Main.storyboard;
			sourceTree = "<group>";
		};
		42B9680A1A4B9C0100F5E1EA /* LaunchScreen.xib */ = {
			isa = PBXVariantGroup;
			children = (
				42B9680B1A4B9C0100F5E1EA /* Base */,
			);
			name = LaunchScreen.xib;
			sourceTree = "<group>";
		};
/* End PBXVariantGroup section */

/* Begin XCBuildConfiguration section */
		42B968191A4B9C0100F5E1EA /* Debug */ = {
			isa = XCBuildConfiguration;
			buildSettings = {
				ALWAYS_SEARCH_USER_PATHS = NO;
				CLANG_CXX_LANGUAGE_STANDARD = "gnu++0x";
				CLANG_CXX_LIBRARY = "libc++";
				CLANG_ENABLE_MODULES = YES;
				CLANG_ENABLE_OBJC_ARC = YES;
				CLANG_WARN_BOOL_CONVERSION = YES;
				CLANG_WARN_CONSTANT_CONVERSION = YES;
				CLANG_WARN_DIRECT_OBJC_ISA_USAGE = YES_ERROR;
				CLANG_WARN_EMPTY_BODY = YES;
				CLANG_WARN_ENUM_CONVERSION = YES;
				CLANG_WARN_INT_CONVERSION = YES;
				CLANG_WARN_OBJC_ROOT_CLASS = YES_ERROR;
				CLANG_WARN_UNREACHABLE_CODE = YES;
				CLANG_WARN__DUPLICATE_METHOD_MATCH = YES;
				"CODE_SIGN_IDENTITY[sdk=iphoneos*]" = "iPhone Developer";
				COPY_PHASE_STRIP = NO;
				ENABLE_STRICT_OBJC_MSGSEND = YES;
				GCC_C_LANGUAGE_STANDARD = gnu99;
				GCC_DYNAMIC_NO_PIC = NO;
				GCC_OPTIMIZATION_LEVEL = 0;
				GCC_PREPROCESSOR_DEFINITIONS = (
					"DEBUG=1",
					"$(inherited)",
				);
				GCC_SYMBOLS_PRIVATE_EXTERN = NO;
				GCC_WARN_64_TO_32_BIT_CONVERSION = YES;
				GCC_WARN_ABOUT_RETURN_TYPE = YES_ERROR;
				GCC_WARN_UNDECLARED_SELECTOR = YES;
				GCC_WARN_UNINITIALIZED_AUTOS = YES_AGGRESSIVE;
				GCC_WARN_UNUSED_FUNCTION = YES;
				GCC_WARN_UNUSED_VARIABLE = YES;
				IPHONEOS_DEPLOYMENT_TARGET = 8.1;
				MTL_ENABLE_DEBUG_INFO = YES;
				ONLY_ACTIVE_ARCH = YES;
				SDKROOT = iphoneos;
				TARGETED_DEVICE_FAMILY = "1,2";
			};
			name = Debug;
		};
		42B9681A1A4B9C0100F5E1EA /* Release */ = {
			isa = XCBuildConfiguration;
			buildSettings = {
				ALWAYS_SEARCH_USER_PATHS = NO;
				CLANG_CXX_LANGUAGE_STANDARD = "gnu++0x";
				CLANG_CXX_LIBRARY = "libc++";
				CLANG_ENABLE_MODULES = YES;
				CLANG_ENABLE_OBJC_ARC = YES;
				CLANG_WARN_BOOL_CONVERSION = YES;
				CLANG_WARN_CONSTANT_CONVERSION = YES;
				CLANG_WARN_DIRECT_OBJC_ISA_USAGE = YES_ERROR;
				CLANG_WARN_EMPTY_BODY = YES;
				CLANG_WARN_ENUM_CONVERSION = YES;
				CLANG_WARN_INT_CONVERSION = YES;
				CLANG_WARN_OBJC_ROOT_CLASS = YES_ERROR;
				CLANG_WARN_UNREACHABLE_CODE = YES;
				CLANG_WARN__DUPLICATE_METHOD_MATCH = YES;
				"CODE_SIGN_IDENTITY[sdk=iphoneos*]" = "iPhone Developer";
				COPY_PHASE_STRIP = YES;
				ENABLE_NS_ASSERTIONS = NO;
				ENABLE_STRICT_OBJC_MSGSEND = YES;
				GCC_C_LANGUAGE_STANDARD = gnu99;
				GCC_WARN_64_TO_32_BIT_CONVERSION = YES;
				GCC_WARN_ABOUT_RETURN_TYPE = YES_ERROR;
				GCC_WARN_UNDECLARED_SELECTOR = YES;
				GCC_WARN_UNINITIALIZED_AUTOS = YES_AGGRESSIVE;
				GCC_WARN_UNUSED_FUNCTION = YES;
				GCC_WARN_UNUSED_VARIABLE = YES;
				IPHONEOS_DEPLOYMENT_TARGET = 8.1;
				MTL_ENABLE_DEBUG_INFO = NO;
				SDKROOT = iphoneos;
				TARGETED_DEVICE_FAMILY = "1,2";
				VALIDATE_PRODUCT = YES;
			};
			name = Release;
		};
		42B9681C1A4B9C0100F5E1EA /* Debug */ = {
			isa = XCBuildConfiguration;
			buildSettings = {
				ASSETCATALOG_COMPILER_APPICON_NAME = AppIcon;
				INFOPLIST_FILE = SnakeGame/Info.plist;
				LD_RUNPATH_SEARCH_PATHS = "$(inherited) @executable_path/Frameworks";
				PRODUCT_NAME = "$(TARGET_NAME)";
			};
			name = Debug;
		};
		42B9681D1A4B9C0100F5E1EA /* Release */ = {
			isa = XCBuildConfiguration;
			buildSettings = {
				ASSETCATALOG_COMPILER_APPICON_NAME = AppIcon;
				INFOPLIST_FILE = SnakeGame/Info.plist;
				LD_RUNPATH_SEARCH_PATHS = "$(inherited) @executable_path/Frameworks";
				PRODUCT_NAME = "$(TARGET_NAME)";
			};
			name = Release;
		};
		42B9681F1A4B9C0100F5E1EA /* Debug */ = {
			isa = XCBuildConfiguration;
			buildSettings = {
				BUNDLE_LOADER = "$(TEST_HOST)";
				FRAMEWORK_SEARCH_PATHS = (
					"$(SDKROOT)/Developer/Library/Frameworks",
					"$(inherited)",
				);
				GCC_PREPROCESSOR_DEFINITIONS = (
					"DEBUG=1",
					"$(inherited)",
				);
				INFOPLIST_FILE = SnakeGameTests/Info.plist;
				LD_RUNPATH_SEARCH_PATHS = "$(inherited) @executable_path/Frameworks @loader_path/Frameworks";
				PRODUCT_NAME = "$(TARGET_NAME)";
				TEST_HOST = "$(BUILT_PRODUCTS_DIR)/SnakeGame.app/SnakeGame";
			};
			name = Debug;
		};
		42B968201A4B9C0100F5E1EA /* Release */ = {
			isa = XCBuildConfiguration;
			buildSettings = {
				BUNDLE_LOADER = "$(TEST_HOST)";
				FRAMEWORK_SEARCH_PATHS = (
					"$(SDKROOT)/Developer/Library/Frameworks",
					"$(inherited)",
				);
				INFOPLIST_FILE = SnakeGameTests/Info.plist;
				LD_RUNPATH_SEARCH_PATHS = "$(inherited) @executable_path/Frameworks @loader_path/Frameworks";
				PRODUCT_NAME = "$(TARGET_NAME)";
				TEST_HOST = "$(BUILT_PRODUCTS_DIR)/SnakeGame.app/SnakeGame";
			};
			name = Release;
		};
/* End XCBuildConfiguration section */

/* Begin XCConfigurationList section */
		42B967F31A4B9C0100F5E1EA /* Build configuration list for PBXProject "SnakeGame" */ = {
			isa = XCConfigurationList;
			buildConfigurations = (
				42B968191A4B9C0100F5E1EA /* Debug */,
				42B9681A1A4B9C0100F5E1EA /* Release */,
			);
			defaultConfigurationIsVisible = 0;
			defaultConfigurationName = Release;
		};
		42B9681B1A4B9C0100F5E1EA /* Build configuration list for PBXNativeTarget "SnakeGame" */ = {
			isa = XCConfigurationList;
			buildConfigurations = (
				42B9681C1A4B9C0100F5E1EA /* Debug */,
				42B9681D1A4B9C0100F5E1EA /* Release */,
			);
			defaultConfigurationIsVisible = 0;
			defaultConfigurationName = Release;
		};
		42B9681E1A4B9C0100F5E1EA /* Build configuration list for PBXNativeTarget "SnakeGameTests" */ = {
			isa = XCConfigurationList;
			buildConfigurations = (
				42B9681F1A4B9C0100F5E1EA /* Debug */,
				42B968201A4B9C0100F5E1EA /* Release */,
			);
			defaultConfigurationIsVisible = 0;
			defaultConfigurationName = Release;
		};
/* End XCConfigurationList section */
	};
	rootObject = 42B967F01A4B9C0100F5E1EA /* Project object */;
}
